
Microsoft Visual Studio Solution File, Format Version 12.00
# Visual Studio Version 16
VisualStudioVersion = 16.0.32602.291
MinimumVisualStudioVersion = 10.0.40219.1
Project("{FAE04EC0-301F-11D3-BF4B-00C04F79EFBC}") = "TicketsManagement", "TicketsManagement\TicketsManagement.csproj", "{5D99370D-EF38-4808-8FD3-5DCEF06CEEEF}"
EndProject
Global
	GlobalSection(SolutionConfigurationPlatforms) = preSolution
		Debug|Any CPU = Debug|Any CPU
		Release|Any CPU = Release|Any CPU
	EndGlobalSection
	GlobalSection(ProjectConfigurationPlatforms) = postSolution
		{5D99370D-EF38-4808-8FD3-5DCEF06CEEEF}.Debug|Any CPU.ActiveCfg = Debug|Any CPU
		{5D99370D-EF38-4808-8FD3-5DCEF06CEEEF}.Debug|Any CPU.Build.0 = Debug|Any CPU
		{5D99370D-EF38-4808-8FD3-5DCEF06CEEEF}.Release|Any CPU.ActiveCfg = Release|Any CPU
		{5D99370D-EF38-4808-8FD3-5DCEF06CEEEF}.Release|Any CPU.Build.0 = Release|Any CPU
	EndGlobalSection
	GlobalSection(SolutionProperties) = preSolution
		HideSolutionNode = FALSE
	EndGlobalSection
	GlobalSection(ExtensibilityGlobals) = postSolution
		SolutionGuid = {39D09297-30B0-4CF0-93AC-1622AA1CF16B}
	EndGlobalSection
EndGlobal
